
Microsoft Visual Studio Solution File, Format Version 12.00
# Visual Studio 2013
VisualStudioVersion = 12.0.30501.0
MinimumVisualStudioVersion = 10.0.40219.1
Project("{FAE04EC0-301F-11D3-BF4B-00C04F79EFBC}") = "DC-Aplicacion", "DC-AnalizadorLexico\DC-Aplicacion.csproj", "{D3744829-B549-477D-AB36-7E71F092631F}"
EndProject
Project("{FAE04EC0-301F-11D3-BF4B-00C04F79EFBC}") = "AnalizadorLexico", "AnalizadorLexico\AnalizadorLexico.csproj", "{461D46A9-FFF7-47BD-9860-B16EEE195DFE}"
EndProject
Project("{FAE04EC0-301F-11D3-BF4B-00C04F79EFBC}") = "AnalizadorSintactico", "AnalizadorSintactico\AnalizadorSintactico.csproj", "{B7FCDC40-09E2-46FF-B9E0-458C0C2798FD}"
EndProject
Global
	GlobalSection(SolutionConfigurationPlatforms) = preSolution
		Debug|Any CPU = Debug|Any CPU
		Release|Any CPU = Release|Any CPU
	EndGlobalSection
	GlobalSection(ProjectConfigurationPlatforms) = postSolution
		{D3744829-B549-477D-AB36-7E71F092631F}.Debug|Any CPU.ActiveCfg = Debug|Any CPU
		{D3744829-B549-477D-AB36-7E71F092631F}.Debug|Any CPU.Build.0 = Debug|Any CPU
		{D3744829-B549-477D-AB36-7E71F092631F}.Release|Any CPU.ActiveCfg = Release|Any CPU
		{D3744829-B549-477D-AB36-7E71F092631F}.Release|Any CPU.Build.0 = Release|Any CPU
		{461D46A9-FFF7-47BD-9860-B16EEE195DFE}.Debug|Any CPU.ActiveCfg = Debug|Any CPU
		{461D46A9-FFF7-47BD-9860-B16EEE195DFE}.Debug|Any CPU.Build.0 = Debug|Any CPU
		{461D46A9-FFF7-47BD-9860-B16EEE195DFE}.Release|Any CPU.ActiveCfg = Release|Any CPU
		{461D46A9-FFF7-47BD-9860-B16EEE195DFE}.Release|Any CPU.Build.0 = Release|Any CPU
		{B7FCDC40-09E2-46FF-B9E0-458C0C2798FD}.Debug|Any CPU.ActiveCfg = Debug|Any CPU
		{B7FCDC40-09E2-46FF-B9E0-458C0C2798FD}.Debug|Any CPU.Build.0 = Debug|Any CPU
		{B7FCDC40-09E2-46FF-B9E0-458C0C2798FD}.Release|Any CPU.ActiveCfg = Release|Any CPU
		{B7FCDC40-09E2-46FF-B9E0-458C0C2798FD}.Release|Any CPU.Build.0 = Release|Any CPU
	EndGlobalSection
	GlobalSection(SolutionProperties) = preSolution
		HideSolutionNode = FALSE
	EndGlobalSection
EndGlobal
